
Microsoft Visual Studio Solution File, Format Version 12.00
Project("{FAE04EC0-301F-11D3-BF4B-00C04F79EFBC}") = "ConsoleApp1", "ConsoleApp1\ConsoleApp1.csproj", "{DB56C653-0BAD-4522-95C5-5FDCC61C046D}"
EndProject
Project("{FAE04EC0-301F-11D3-BF4B-00C04F79EFBC}") = "ConsoleApp2", "ConsoleApp2\ConsoleApp2.csproj", "{F870A065-CF72-4EE4-98F0-46F55009FC68}"
EndProject
Project("{FAE04EC0-301F-11D3-BF4B-00C04F79EFBC}") = "Esercizio1", "Esercizio1\Esercizio1.csproj", "{B24E9DA1-7DAD-4085-90BB-7122C43DD112}"
EndProject
Project("{2150E333-8FDC-42A3-9474-1A3956D46DE8}") = "Giorno1", "Giorno1", "{03F7DA32-675D-4F65-876C-75FCC1A68D21}"
EndProject
Project("{FAE04EC0-301F-11D3-BF4B-00C04F79EFBC}") = "ConsoleApp3", "ConsoleApp3\ConsoleApp3.csproj", "{2CCDB8D1-E70C-4B75-BD83-2051D17E5223}"
EndProject
Project("{2150E333-8FDC-42A3-9474-1A3956D46DE8}") = "Giorno2", "Giorno2", "{CDDF4760-EF06-4B74-A871-D54F0C523A96}"
EndProject
Project("{FAE04EC0-301F-11D3-BF4B-00C04F79EFBC}") = "Esercizio2", "Esercizio2\Esercizio2.csproj", "{74810DAE-2072-47A6-9D12-D993B8F7009F}"
EndProject
Project("{FAE04EC0-301F-11D3-BF4B-00C04F79EFBC}") = "ConsoleApp4", "ConsoleApp4\ConsoleApp4.csproj", "{554BA274-0168-479F-92F9-C3FF3D3926E7}"
EndProject
Project("{FAE04EC0-301F-11D3-BF4B-00C04F79EFBC}") = "Ciclo", "Ciclo\Ciclo.csproj", "{6B41F39D-D144-4B54-B44D-F329A9EE807C}"
EndProject
Project("{FAE04EC0-301F-11D3-BF4B-00C04F79EFBC}") = "Esercizi", "Esercizi\Esercizi.csproj", "{0AFB6F1C-EA56-4E6B-AC05-C340EB589BAC}"
EndProject
Project("{2150E333-8FDC-42A3-9474-1A3956D46DE8}") = "Giorno3", "Giorno3", "{4E291ADC-3FCC-498B-9DF0-B50889B540AD}"
EndProject
Project("{FAE04EC0-301F-11D3-BF4B-00C04F79EFBC}") = "Arrays", "Arrays\Arrays.csproj", "{5C6D9858-4734-459E-99A1-B76197E50D5C}"
EndProject
Project("{FAE04EC0-301F-11D3-BF4B-00C04F79EFBC}") = "EserciziTerzoGiorno", "EserciziTerzoGiorno\EserciziTerzoGiorno.csproj", "{2DBE9A85-9F29-4F42-8250-B65B4089AB08}"
EndProject
Project("{FAE04EC0-301F-11D3-BF4B-00C04F79EFBC}") = "Liste", "Liste\Liste.csproj", "{85217F84-CADD-4C75-B807-324D8FDC52FC}"
EndProject
Project("{FAE04EC0-301F-11D3-BF4B-00C04F79EFBC}") = "Metodi", "Metodi\Metodi.csproj", "{912D8FD6-FA6F-4596-8DE1-ECE6943258AD}"
EndProject
Project("{2150E333-8FDC-42A3-9474-1A3956D46DE8}") = "Giorno4", "Giorno4", "{91E04F01-1E3E-4E9D-9856-B199B0EA654B}"
EndProject
Project("{FAE04EC0-301F-11D3-BF4B-00C04F79EFBC}") = "EserciziGiorno4", "EserciziGiorno4\EserciziGiorno4.csproj", "{5A6B38A2-3F07-42C5-838F-EDC68A9E1D92}"
EndProject
Project("{FAE04EC0-301F-11D3-BF4B-00C04F79EFBC}") = "Pilastri", "Pilastri\Pilastri.csproj", "{93126E15-77D5-46A7-BBC1-EC155CEC6CC7}"
EndProject
Project("{FAE04EC0-301F-11D3-BF4B-00C04F79EFBC}") = "Tombola", "Tombola\Tombola.csproj", "{2CEBFB42-D1B7-45DC-98FF-B37415AE5782}"
EndProject
Project("{2150E333-8FDC-42A3-9474-1A3956D46DE8}") = "Giorno7", "Giorno7", "{41FF9D3B-A1A0-4A09-B370-CA9A364D577E}"
EndProject
Project("{FAE04EC0-301F-11D3-BF4B-00C04F79EFBC}") = "Cruds", "Cruds\Cruds.csproj", "{DA862CC8-048E-4391-8A34-7FCFA753CC04}"
EndProject
Project("{FAE04EC0-301F-11D3-BF4B-00C04F79EFBC}") = "Esercizio", "Esercizio\Esercizio.csproj", "{C6DAC8D0-DCAA-4779-8CDF-C295B44A4C1B}"
EndProject
Project("{2150E333-8FDC-42A3-9474-1A3956D46DE8}") = "Giorno8", "Giorno8", "{684ED606-3E12-4808-A5C7-D9F0BA7B5B77}"
EndProject
Project("{FAE04EC0-301F-11D3-BF4B-00C04F79EFBC}") = "LINQ", "LINQ\LINQ.csproj", "{B1721F65-4FA8-4B25-B7A0-B834912FCEE8}"
EndProject
Project("{FAE04EC0-301F-11D3-BF4B-00C04F79EFBC}") = "GestioneFile", "GestioneFile\GestioneFile.csproj", "{83929C63-B56A-4CFE-890D-69EEDBCA81F8}"
EndProject
Project("{FAE04EC0-301F-11D3-BF4B-00C04F79EFBC}") = "EsercizioFile", "EsercizioFile\EsercizioFile.csproj", "{A7268915-709F-49F6-A79D-D38E70FF66AA}"
EndProject
Project("{FAE04EC0-301F-11D3-BF4B-00C04F79EFBC}") = "EsercizioFileCSV", "EsercizioFileCSV\EsercizioFileCSV.csproj", "{677C76AD-87BD-425E-9AA9-B19A3913A742}"
EndProject
Project("{FAE04EC0-301F-11D3-BF4B-00C04F79EFBC}") = "EsercizioFileJSON", "EsercizioFileJSON\EsercizioFileJSON.csproj", "{71098C95-0F99-4943-A271-83CE24CD2AF2}"
EndProject
Project("{2150E333-8FDC-42A3-9474-1A3956D46DE8}") = "Giorno9", "Giorno9", "{2D8EDA7E-B44D-4BAA-BBBD-6B10743BB947}"
EndProject
Project("{FAE04EC0-301F-11D3-BF4B-00C04F79EFBC}") = "PUNTONet", "PUNTONet\PUNTONet.csproj", "{84AFF4C2-8BE9-4B02-90CE-CA9D22875174}"
EndProject
Project("{FAE04EC0-301F-11D3-BF4B-00C04F79EFBC}") = "EsercitazionePUNTONet", "EsercitazionePUNTONet\EsercitazionePUNTONet.csproj", "{A19150DA-7BC4-46A3-AB70-8C06F7378631}"
EndProject
Global
	GlobalSection(SolutionConfigurationPlatforms) = preSolution
		Debug|Any CPU = Debug|Any CPU
		Release|Any CPU = Release|Any CPU
	EndGlobalSection
	GlobalSection(ProjectConfigurationPlatforms) = postSolution
		{DB56C653-0BAD-4522-95C5-5FDCC61C046D}.Debug|Any CPU.ActiveCfg = Debug|Any CPU
		{DB56C653-0BAD-4522-95C5-5FDCC61C046D}.Debug|Any CPU.Build.0 = Debug|Any CPU
		{DB56C653-0BAD-4522-95C5-5FDCC61C046D}.Release|Any CPU.ActiveCfg = Release|Any CPU
		{DB56C653-0BAD-4522-95C5-5FDCC61C046D}.Release|Any CPU.Build.0 = Release|Any CPU
		{F870A065-CF72-4EE4-98F0-46F55009FC68}.Debug|Any CPU.ActiveCfg = Debug|Any CPU
		{F870A065-CF72-4EE4-98F0-46F55009FC68}.Debug|Any CPU.Build.0 = Debug|Any CPU
		{F870A065-CF72-4EE4-98F0-46F55009FC68}.Release|Any CPU.ActiveCfg = Release|Any CPU
		{F870A065-CF72-4EE4-98F0-46F55009FC68}.Release|Any CPU.Build.0 = Release|Any CPU
		{B24E9DA1-7DAD-4085-90BB-7122C43DD112}.Debug|Any CPU.ActiveCfg = Debug|Any CPU
		{B24E9DA1-7DAD-4085-90BB-7122C43DD112}.Debug|Any CPU.Build.0 = Debug|Any CPU
		{B24E9DA1-7DAD-4085-90BB-7122C43DD112}.Release|Any CPU.ActiveCfg = Release|Any CPU
		{B24E9DA1-7DAD-4085-90BB-7122C43DD112}.Release|Any CPU.Build.0 = Release|Any CPU
		{2CCDB8D1-E70C-4B75-BD83-2051D17E5223}.Debug|Any CPU.ActiveCfg = Debug|Any CPU
		{2CCDB8D1-E70C-4B75-BD83-2051D17E5223}.Debug|Any CPU.Build.0 = Debug|Any CPU
		{2CCDB8D1-E70C-4B75-BD83-2051D17E5223}.Release|Any CPU.ActiveCfg = Release|Any CPU
		{2CCDB8D1-E70C-4B75-BD83-2051D17E5223}.Release|Any CPU.Build.0 = Release|Any CPU
		{74810DAE-2072-47A6-9D12-D993B8F7009F}.Debug|Any CPU.ActiveCfg = Debug|Any CPU
		{74810DAE-2072-47A6-9D12-D993B8F7009F}.Debug|Any CPU.Build.0 = Debug|Any CPU
		{74810DAE-2072-47A6-9D12-D993B8F7009F}.Release|Any CPU.ActiveCfg = Release|Any CPU
		{74810DAE-2072-47A6-9D12-D993B8F7009F}.Release|Any CPU.Build.0 = Release|Any CPU
		{554BA274-0168-479F-92F9-C3FF3D3926E7}.Debug|Any CPU.ActiveCfg = Debug|Any CPU
		{554BA274-0168-479F-92F9-C3FF3D3926E7}.Debug|Any CPU.Build.0 = Debug|Any CPU
		{554BA274-0168-479F-92F9-C3FF3D3926E7}.Release|Any CPU.ActiveCfg = Release|Any CPU
		{554BA274-0168-479F-92F9-C3FF3D3926E7}.Release|Any CPU.Build.0 = Release|Any CPU
		{6B41F39D-D144-4B54-B44D-F329A9EE807C}.Debug|Any CPU.ActiveCfg = Debug|Any CPU
		{6B41F39D-D144-4B54-B44D-F329A9EE807C}.Debug|Any CPU.Build.0 = Debug|Any CPU
		{6B41F39D-D144-4B54-B44D-F329A9EE807C}.Release|Any CPU.ActiveCfg = Release|Any CPU
		{6B41F39D-D144-4B54-B44D-F329A9EE807C}.Release|Any CPU.Build.0 = Release|Any CPU
		{0AFB6F1C-EA56-4E6B-AC05-C340EB589BAC}.Debug|Any CPU.ActiveCfg = Debug|Any CPU
		{0AFB6F1C-EA56-4E6B-AC05-C340EB589BAC}.Debug|Any CPU.Build.0 = Debug|Any CPU
		{0AFB6F1C-EA56-4E6B-AC05-C340EB589BAC}.Release|Any CPU.ActiveCfg = Release|Any CPU
		{0AFB6F1C-EA56-4E6B-AC05-C340EB589BAC}.Release|Any CPU.Build.0 = Release|Any CPU
		{5C6D9858-4734-459E-99A1-B76197E50D5C}.Debug|Any CPU.ActiveCfg = Debug|Any CPU
		{5C6D9858-4734-459E-99A1-B76197E50D5C}.Debug|Any CPU.Build.0 = Debug|Any CPU
		{5C6D9858-4734-459E-99A1-B76197E50D5C}.Release|Any CPU.ActiveCfg = Release|Any CPU
		{5C6D9858-4734-459E-99A1-B76197E50D5C}.Release|Any CPU.Build.0 = Release|Any CPU
		{2DBE9A85-9F29-4F42-8250-B65B4089AB08}.Debug|Any CPU.ActiveCfg = Debug|Any CPU
		{2DBE9A85-9F29-4F42-8250-B65B4089AB08}.Debug|Any CPU.Build.0 = Debug|Any CPU
		{2DBE9A85-9F29-4F42-8250-B65B4089AB08}.Release|Any CPU.ActiveCfg = Release|Any CPU
		{2DBE9A85-9F29-4F42-8250-B65B4089AB08}.Release|Any CPU.Build.0 = Release|Any CPU
		{85217F84-CADD-4C75-B807-324D8FDC52FC}.Debug|Any CPU.ActiveCfg = Debug|Any CPU
		{85217F84-CADD-4C75-B807-324D8FDC52FC}.Debug|Any CPU.Build.0 = Debug|Any CPU
		{85217F84-CADD-4C75-B807-324D8FDC52FC}.Release|Any CPU.ActiveCfg = Release|Any CPU
		{85217F84-CADD-4C75-B807-324D8FDC52FC}.Release|Any CPU.Build.0 = Release|Any CPU
		{912D8FD6-FA6F-4596-8DE1-ECE6943258AD}.Debug|Any CPU.ActiveCfg = Debug|Any CPU
		{912D8FD6-FA6F-4596-8DE1-ECE6943258AD}.Debug|Any CPU.Build.0 = Debug|Any CPU
		{912D8FD6-FA6F-4596-8DE1-ECE6943258AD}.Release|Any CPU.ActiveCfg = Release|Any CPU
		{912D8FD6-FA6F-4596-8DE1-ECE6943258AD}.Release|Any CPU.Build.0 = Release|Any CPU
		{5A6B38A2-3F07-42C5-838F-EDC68A9E1D92}.Debug|Any CPU.ActiveCfg = Debug|Any CPU
		{5A6B38A2-3F07-42C5-838F-EDC68A9E1D92}.Debug|Any CPU.Build.0 = Debug|Any CPU
		{5A6B38A2-3F07-42C5-838F-EDC68A9E1D92}.Release|Any CPU.ActiveCfg = Release|Any CPU
		{5A6B38A2-3F07-42C5-838F-EDC68A9E1D92}.Release|Any CPU.Build.0 = Release|Any CPU
		{93126E15-77D5-46A7-BBC1-EC155CEC6CC7}.Debug|Any CPU.ActiveCfg = Debug|Any CPU
		{93126E15-77D5-46A7-BBC1-EC155CEC6CC7}.Debug|Any CPU.Build.0 = Debug|Any CPU
		{93126E15-77D5-46A7-BBC1-EC155CEC6CC7}.Release|Any CPU.ActiveCfg = Release|Any CPU
		{93126E15-77D5-46A7-BBC1-EC155CEC6CC7}.Release|Any CPU.Build.0 = Release|Any CPU
		{2CEBFB42-D1B7-45DC-98FF-B37415AE5782}.Debug|Any CPU.ActiveCfg = Debug|Any CPU
		{2CEBFB42-D1B7-45DC-98FF-B37415AE5782}.Debug|Any CPU.Build.0 = Debug|Any CPU
		{2CEBFB42-D1B7-45DC-98FF-B37415AE5782}.Release|Any CPU.ActiveCfg = Release|Any CPU
		{2CEBFB42-D1B7-45DC-98FF-B37415AE5782}.Release|Any CPU.Build.0 = Release|Any CPU
		{DA862CC8-048E-4391-8A34-7FCFA753CC04}.Debug|Any CPU.ActiveCfg = Debug|Any CPU
		{DA862CC8-048E-4391-8A34-7FCFA753CC04}.Debug|Any CPU.Build.0 = Debug|Any CPU
		{DA862CC8-048E-4391-8A34-7FCFA753CC04}.Release|Any CPU.ActiveCfg = Release|Any CPU
		{DA862CC8-048E-4391-8A34-7FCFA753CC04}.Release|Any CPU.Build.0 = Release|Any CPU
		{C6DAC8D0-DCAA-4779-8CDF-C295B44A4C1B}.Debug|Any CPU.ActiveCfg = Debug|Any CPU
		{C6DAC8D0-DCAA-4779-8CDF-C295B44A4C1B}.Debug|Any CPU.Build.0 = Debug|Any CPU
		{C6DAC8D0-DCAA-4779-8CDF-C295B44A4C1B}.Release|Any CPU.ActiveCfg = Release|Any CPU
		{C6DAC8D0-DCAA-4779-8CDF-C295B44A4C1B}.Release|Any CPU.Build.0 = Release|Any CPU
		{B1721F65-4FA8-4B25-B7A0-B834912FCEE8}.Debug|Any CPU.ActiveCfg = Debug|Any CPU
		{B1721F65-4FA8-4B25-B7A0-B834912FCEE8}.Debug|Any CPU.Build.0 = Debug|Any CPU
		{B1721F65-4FA8-4B25-B7A0-B834912FCEE8}.Release|Any CPU.ActiveCfg = Release|Any CPU
		{B1721F65-4FA8-4B25-B7A0-B834912FCEE8}.Release|Any CPU.Build.0 = Release|Any CPU
		{83929C63-B56A-4CFE-890D-69EEDBCA81F8}.Debug|Any CPU.ActiveCfg = Debug|Any CPU
		{83929C63-B56A-4CFE-890D-69EEDBCA81F8}.Debug|Any CPU.Build.0 = Debug|Any CPU
		{83929C63-B56A-4CFE-890D-69EEDBCA81F8}.Release|Any CPU.ActiveCfg = Release|Any CPU
		{83929C63-B56A-4CFE-890D-69EEDBCA81F8}.Release|Any CPU.Build.0 = Release|Any CPU
		{A7268915-709F-49F6-A79D-D38E70FF66AA}.Debug|Any CPU.ActiveCfg = Debug|Any CPU
		{A7268915-709F-49F6-A79D-D38E70FF66AA}.Debug|Any CPU.Build.0 = Debug|Any CPU
		{A7268915-709F-49F6-A79D-D38E70FF66AA}.Release|Any CPU.ActiveCfg = Release|Any CPU
		{A7268915-709F-49F6-A79D-D38E70FF66AA}.Release|Any CPU.Build.0 = Release|Any CPU
		{677C76AD-87BD-425E-9AA9-B19A3913A742}.Debug|Any CPU.ActiveCfg = Debug|Any CPU
		{677C76AD-87BD-425E-9AA9-B19A3913A742}.Debug|Any CPU.Build.0 = Debug|Any CPU
		{677C76AD-87BD-425E-9AA9-B19A3913A742}.Release|Any CPU.ActiveCfg = Release|Any CPU
		{677C76AD-87BD-425E-9AA9-B19A3913A742}.Release|Any CPU.Build.0 = Release|Any CPU
		{71098C95-0F99-4943-A271-83CE24CD2AF2}.Debug|Any CPU.ActiveCfg = Debug|Any CPU
		{71098C95-0F99-4943-A271-83CE24CD2AF2}.Debug|Any CPU.Build.0 = Debug|Any CPU
		{71098C95-0F99-4943-A271-83CE24CD2AF2}.Release|Any CPU.ActiveCfg = Release|Any CPU
		{71098C95-0F99-4943-A271-83CE24CD2AF2}.Release|Any CPU.Build.0 = Release|Any CPU
		{84AFF4C2-8BE9-4B02-90CE-CA9D22875174}.Debug|Any CPU.ActiveCfg = Debug|Any CPU
		{84AFF4C2-8BE9-4B02-90CE-CA9D22875174}.Debug|Any CPU.Build.0 = Debug|Any CPU
		{84AFF4C2-8BE9-4B02-90CE-CA9D22875174}.Release|Any CPU.ActiveCfg = Release|Any CPU
		{84AFF4C2-8BE9-4B02-90CE-CA9D22875174}.Release|Any CPU.Build.0 = Release|Any CPU
		{A19150DA-7BC4-46A3-AB70-8C06F7378631}.Debug|Any CPU.ActiveCfg = Debug|Any CPU
		{A19150DA-7BC4-46A3-AB70-8C06F7378631}.Debug|Any CPU.Build.0 = Debug|Any CPU
		{A19150DA-7BC4-46A3-AB70-8C06F7378631}.Release|Any CPU.ActiveCfg = Release|Any CPU
		{A19150DA-7BC4-46A3-AB70-8C06F7378631}.Release|Any CPU.Build.0 = Release|Any CPU
	EndGlobalSection
	GlobalSection(NestedProjects) = preSolution
		{DB56C653-0BAD-4522-95C5-5FDCC61C046D} = {03F7DA32-675D-4F65-876C-75FCC1A68D21}
		{F870A065-CF72-4EE4-98F0-46F55009FC68} = {03F7DA32-675D-4F65-876C-75FCC1A68D21}
		{B24E9DA1-7DAD-4085-90BB-7122C43DD112} = {03F7DA32-675D-4F65-876C-75FCC1A68D21}
		{2CCDB8D1-E70C-4B75-BD83-2051D17E5223} = {03F7DA32-675D-4F65-876C-75FCC1A68D21}
		{74810DAE-2072-47A6-9D12-D993B8F7009F} = {03F7DA32-675D-4F65-876C-75FCC1A68D21}
		{554BA274-0168-479F-92F9-C3FF3D3926E7} = {03F7DA32-675D-4F65-876C-75FCC1A68D21}
		{6B41F39D-D144-4B54-B44D-F329A9EE807C} = {CDDF4760-EF06-4B74-A871-D54F0C523A96}
		{0AFB6F1C-EA56-4E6B-AC05-C340EB589BAC} = {CDDF4760-EF06-4B74-A871-D54F0C523A96}
		{5C6D9858-4734-459E-99A1-B76197E50D5C} = {4E291ADC-3FCC-498B-9DF0-B50889B540AD}
		{2DBE9A85-9F29-4F42-8250-B65B4089AB08} = {4E291ADC-3FCC-498B-9DF0-B50889B540AD}
		{85217F84-CADD-4C75-B807-324D8FDC52FC} = {4E291ADC-3FCC-498B-9DF0-B50889B540AD}
		{912D8FD6-FA6F-4596-8DE1-ECE6943258AD} = {4E291ADC-3FCC-498B-9DF0-B50889B540AD}
		{5A6B38A2-3F07-42C5-838F-EDC68A9E1D92} = {91E04F01-1E3E-4E9D-9856-B199B0EA654B}
		{93126E15-77D5-46A7-BBC1-EC155CEC6CC7} = {91E04F01-1E3E-4E9D-9856-B199B0EA654B}
		{2CEBFB42-D1B7-45DC-98FF-B37415AE5782} = {91E04F01-1E3E-4E9D-9856-B199B0EA654B}
		{DA862CC8-048E-4391-8A34-7FCFA753CC04} = {41FF9D3B-A1A0-4A09-B370-CA9A364D577E}
		{C6DAC8D0-DCAA-4779-8CDF-C295B44A4C1B} = {41FF9D3B-A1A0-4A09-B370-CA9A364D577E}
		{B1721F65-4FA8-4B25-B7A0-B834912FCEE8} = {684ED606-3E12-4808-A5C7-D9F0BA7B5B77}
		{83929C63-B56A-4CFE-890D-69EEDBCA81F8} = {684ED606-3E12-4808-A5C7-D9F0BA7B5B77}
		{A7268915-709F-49F6-A79D-D38E70FF66AA} = {684ED606-3E12-4808-A5C7-D9F0BA7B5B77}
		{677C76AD-87BD-425E-9AA9-B19A3913A742} = {684ED606-3E12-4808-A5C7-D9F0BA7B5B77}
		{71098C95-0F99-4943-A271-83CE24CD2AF2} = {684ED606-3E12-4808-A5C7-D9F0BA7B5B77}
		{84AFF4C2-8BE9-4B02-90CE-CA9D22875174} = {2D8EDA7E-B44D-4BAA-BBBD-6B10743BB947}
		{A19150DA-7BC4-46A3-AB70-8C06F7378631} = {2D8EDA7E-B44D-4BAA-BBBD-6B10743BB947}
	EndGlobalSection
EndGlobal
